
Microsoft Visual Studio Solution File, Format Version 12.00
# Visual Studio 14
VisualStudioVersion = 14.0.25420.1
MinimumVisualStudioVersion = 10.0.40219.1
Project("{FAE04EC0-301F-11D3-BF4B-00C04F79EFBC}") = "DH.Simplify.Core.Application", "DH.Simplify.Core.Application\DH.Simplify.Core.Application.csproj", "{CD9491D2-837B-4B53-86BF-782F6C0968CA}"
EndProject
Project("{2150E333-8FDC-42A3-9474-1A3956D46DE8}") = "Client", "Client", "{242B1E36-157C-41CB-8614-71ED6E2E7CA8}"
EndProject
Project("{2150E333-8FDC-42A3-9474-1A3956D46DE8}") = "Core", "Core", "{67D9B7CD-9D50-41E5-9F86-9403C66CCD15}"
EndProject
Project("{2150E333-8FDC-42A3-9474-1A3956D46DE8}") = "Database", "Database", "{296D6D4B-7986-4346-8F99-6EB45B3A904A}"
EndProject
Project("{2150E333-8FDC-42A3-9474-1A3956D46DE8}") = "Infrastructure", "Infrastructure", "{EB8C9278-A677-4BFB-A40D-F730EFF1F97E}"
EndProject
Project("{2150E333-8FDC-42A3-9474-1A3956D46DE8}") = "Test", "Test", "{5360797E-2F3B-4746-853F-BC84F5664D11}"
EndProject
Project("{FAE04EC0-301F-11D3-BF4B-00C04F79EFBC}") = "DH.Simplify.Core.Domain", "DH.Simplify.Core.Domain\DH.Simplify.Core.Domain.csproj", "{76A9AC7F-0F16-4319-B037-0032BA9E2A2A}"
EndProject
Project("{FAE04EC0-301F-11D3-BF4B-00C04F79EFBC}") = "DH.Simplify.Core.Enterprise", "DH.Simplify.Core.Enterprise\DH.Simplify.Core.Enterprise.csproj", "{F94F65EA-345C-4E6C-A284-5DA8EFF436BD}"
EndProject
Project("{FAE04EC0-301F-11D3-BF4B-00C04F79EFBC}") = "DH.Simplify.Core.Persistence", "DH.Simplify.Core.Persistence\DH.Simplify.Core.Persistence.csproj", "{36B37F1A-731F-4566-B23B-95F4FD5E0452}"
EndProject
Project("{FAE04EC0-301F-11D3-BF4B-00C04F79EFBC}") = "DH.Simplify.Infrastructure.Persistence", "DH.Simplify.Infrastructure.Persistence\DH.Simplify.Infrastructure.Persistence.csproj", "{E27CCF7A-9327-4AA9-B9DF-8D4BB40EC5D0}"
EndProject
Project("{00D1A9C2-B5F0-4AF3-8072-F6C62B433612}") = "DH.Simplify.DB", "Simplify.DB\DH.Simplify.DB.sqlproj", "{C5F5BA41-54EC-4CF1-BAAE-23BF86FA43E7}"
EndProject
Project("{FAE04EC0-301F-11D3-BF4B-00C04F79EFBC}") = "DH.Simplify.API", "DH.Simplify.API\DH.Simplify.API.csproj", "{B96E185D-18AA-43C1-A1C3-1A5C08FBFD70}"
EndProject
Project("{FAE04EC0-301F-11D3-BF4B-00C04F79EFBC}") = "DH.Simplify.API.UnitTest", "DH.Simplify.API.UnitTest\DH.Simplify.API.UnitTest.csproj", "{56FCA932-6B29-4A2F-BD60-76D641929D8F}"
EndProject
Project("{FAE04EC0-301F-11D3-BF4B-00C04F79EFBC}") = "DH.Simplify.API.RegressionTest", "DH.Simplify.API.RegressionTest\DH.Simplify.API.RegressionTest.csproj", "{A2F15B53-EAA7-4A3F-B629-FC6A5C5FFC4E}"
EndProject
Project("{FAE04EC0-301F-11D3-BF4B-00C04F79EFBC}") = "DH.Simplify.Core.Application.UnitTest", "DH.Simplify.Core.Application.UnitTest\DH.Simplify.Core.Application.UnitTest.csproj", "{9724DB94-A85A-4503-877A-4B55C7565A07}"
EndProject
Project("{FAE04EC0-301F-11D3-BF4B-00C04F79EFBC}") = "DH.Simplify.Infrastructure.DI", "DH.Simplify.Infrastructure.DI\DH.Simplify.Infrastructure.DI.csproj", "{0227A2E0-7200-4A08-93B1-ADF4590A06E5}"
EndProject
Global
	GlobalSection(SolutionConfigurationPlatforms) = preSolution
		Debug|Any CPU = Debug|Any CPU
		Release|Any CPU = Release|Any CPU
	EndGlobalSection
	GlobalSection(ProjectConfigurationPlatforms) = postSolution
		{CD9491D2-837B-4B53-86BF-782F6C0968CA}.Debug|Any CPU.ActiveCfg = Debug|Any CPU
		{CD9491D2-837B-4B53-86BF-782F6C0968CA}.Debug|Any CPU.Build.0 = Debug|Any CPU
		{CD9491D2-837B-4B53-86BF-782F6C0968CA}.Release|Any CPU.ActiveCfg = Release|Any CPU
		{CD9491D2-837B-4B53-86BF-782F6C0968CA}.Release|Any CPU.Build.0 = Release|Any CPU
		{76A9AC7F-0F16-4319-B037-0032BA9E2A2A}.Debug|Any CPU.ActiveCfg = Debug|Any CPU
		{76A9AC7F-0F16-4319-B037-0032BA9E2A2A}.Debug|Any CPU.Build.0 = Debug|Any CPU
		{76A9AC7F-0F16-4319-B037-0032BA9E2A2A}.Release|Any CPU.ActiveCfg = Release|Any CPU
		{76A9AC7F-0F16-4319-B037-0032BA9E2A2A}.Release|Any CPU.Build.0 = Release|Any CPU
		{F94F65EA-345C-4E6C-A284-5DA8EFF436BD}.Debug|Any CPU.ActiveCfg = Debug|Any CPU
		{F94F65EA-345C-4E6C-A284-5DA8EFF436BD}.Debug|Any CPU.Build.0 = Debug|Any CPU
		{F94F65EA-345C-4E6C-A284-5DA8EFF436BD}.Release|Any CPU.ActiveCfg = Release|Any CPU
		{F94F65EA-345C-4E6C-A284-5DA8EFF436BD}.Release|Any CPU.Build.0 = Release|Any CPU
		{36B37F1A-731F-4566-B23B-95F4FD5E0452}.Debug|Any CPU.ActiveCfg = Debug|Any CPU
		{36B37F1A-731F-4566-B23B-95F4FD5E0452}.Debug|Any CPU.Build.0 = Debug|Any CPU
		{36B37F1A-731F-4566-B23B-95F4FD5E0452}.Release|Any CPU.ActiveCfg = Release|Any CPU
		{36B37F1A-731F-4566-B23B-95F4FD5E0452}.Release|Any CPU.Build.0 = Release|Any CPU
		{E27CCF7A-9327-4AA9-B9DF-8D4BB40EC5D0}.Debug|Any CPU.ActiveCfg = Debug|Any CPU
		{E27CCF7A-9327-4AA9-B9DF-8D4BB40EC5D0}.Debug|Any CPU.Build.0 = Debug|Any CPU
		{E27CCF7A-9327-4AA9-B9DF-8D4BB40EC5D0}.Release|Any CPU.ActiveCfg = Release|Any CPU
		{E27CCF7A-9327-4AA9-B9DF-8D4BB40EC5D0}.Release|Any CPU.Build.0 = Release|Any CPU
		{C5F5BA41-54EC-4CF1-BAAE-23BF86FA43E7}.Debug|Any CPU.ActiveCfg = Debug|Any CPU
		{C5F5BA41-54EC-4CF1-BAAE-23BF86FA43E7}.Debug|Any CPU.Build.0 = Debug|Any CPU
		{C5F5BA41-54EC-4CF1-BAAE-23BF86FA43E7}.Debug|Any CPU.Deploy.0 = Debug|Any CPU
		{C5F5BA41-54EC-4CF1-BAAE-23BF86FA43E7}.Release|Any CPU.ActiveCfg = Release|Any CPU
		{C5F5BA41-54EC-4CF1-BAAE-23BF86FA43E7}.Release|Any CPU.Build.0 = Release|Any CPU
		{C5F5BA41-54EC-4CF1-BAAE-23BF86FA43E7}.Release|Any CPU.Deploy.0 = Release|Any CPU
		{B96E185D-18AA-43C1-A1C3-1A5C08FBFD70}.Debug|Any CPU.ActiveCfg = Debug|Any CPU
		{B96E185D-18AA-43C1-A1C3-1A5C08FBFD70}.Debug|Any CPU.Build.0 = Debug|Any CPU
		{B96E185D-18AA-43C1-A1C3-1A5C08FBFD70}.Release|Any CPU.ActiveCfg = Release|Any CPU
		{B96E185D-18AA-43C1-A1C3-1A5C08FBFD70}.Release|Any CPU.Build.0 = Release|Any CPU
		{56FCA932-6B29-4A2F-BD60-76D641929D8F}.Debug|Any CPU.ActiveCfg = Debug|Any CPU
		{56FCA932-6B29-4A2F-BD60-76D641929D8F}.Debug|Any CPU.Build.0 = Debug|Any CPU
		{56FCA932-6B29-4A2F-BD60-76D641929D8F}.Release|Any CPU.ActiveCfg = Release|Any CPU
		{56FCA932-6B29-4A2F-BD60-76D641929D8F}.Release|Any CPU.Build.0 = Release|Any CPU
		{A2F15B53-EAA7-4A3F-B629-FC6A5C5FFC4E}.Debug|Any CPU.ActiveCfg = Debug|Any CPU
		{A2F15B53-EAA7-4A3F-B629-FC6A5C5FFC4E}.Debug|Any CPU.Build.0 = Debug|Any CPU
		{A2F15B53-EAA7-4A3F-B629-FC6A5C5FFC4E}.Release|Any CPU.ActiveCfg = Release|Any CPU
		{A2F15B53-EAA7-4A3F-B629-FC6A5C5FFC4E}.Release|Any CPU.Build.0 = Release|Any CPU
		{9724DB94-A85A-4503-877A-4B55C7565A07}.Debug|Any CPU.ActiveCfg = Debug|Any CPU
		{9724DB94-A85A-4503-877A-4B55C7565A07}.Debug|Any CPU.Build.0 = Debug|Any CPU
		{9724DB94-A85A-4503-877A-4B55C7565A07}.Release|Any CPU.ActiveCfg = Release|Any CPU
		{9724DB94-A85A-4503-877A-4B55C7565A07}.Release|Any CPU.Build.0 = Release|Any CPU
		{0227A2E0-7200-4A08-93B1-ADF4590A06E5}.Debug|Any CPU.ActiveCfg = Debug|Any CPU
		{0227A2E0-7200-4A08-93B1-ADF4590A06E5}.Debug|Any CPU.Build.0 = Debug|Any CPU
		{0227A2E0-7200-4A08-93B1-ADF4590A06E5}.Release|Any CPU.ActiveCfg = Release|Any CPU
		{0227A2E0-7200-4A08-93B1-ADF4590A06E5}.Release|Any CPU.Build.0 = Release|Any CPU
	EndGlobalSection
	GlobalSection(SolutionProperties) = preSolution
		HideSolutionNode = FALSE
	EndGlobalSection
	GlobalSection(NestedProjects) = preSolution
		{CD9491D2-837B-4B53-86BF-782F6C0968CA} = {67D9B7CD-9D50-41E5-9F86-9403C66CCD15}
		{76A9AC7F-0F16-4319-B037-0032BA9E2A2A} = {67D9B7CD-9D50-41E5-9F86-9403C66CCD15}
		{F94F65EA-345C-4E6C-A284-5DA8EFF436BD} = {67D9B7CD-9D50-41E5-9F86-9403C66CCD15}
		{36B37F1A-731F-4566-B23B-95F4FD5E0452} = {67D9B7CD-9D50-41E5-9F86-9403C66CCD15}
		{E27CCF7A-9327-4AA9-B9DF-8D4BB40EC5D0} = {EB8C9278-A677-4BFB-A40D-F730EFF1F97E}
		{C5F5BA41-54EC-4CF1-BAAE-23BF86FA43E7} = {296D6D4B-7986-4346-8F99-6EB45B3A904A}
		{B96E185D-18AA-43C1-A1C3-1A5C08FBFD70} = {242B1E36-157C-41CB-8614-71ED6E2E7CA8}
		{56FCA932-6B29-4A2F-BD60-76D641929D8F} = {5360797E-2F3B-4746-853F-BC84F5664D11}
		{A2F15B53-EAA7-4A3F-B629-FC6A5C5FFC4E} = {5360797E-2F3B-4746-853F-BC84F5664D11}
		{9724DB94-A85A-4503-877A-4B55C7565A07} = {5360797E-2F3B-4746-853F-BC84F5664D11}
		{0227A2E0-7200-4A08-93B1-ADF4590A06E5} = {EB8C9278-A677-4BFB-A40D-F730EFF1F97E}
	EndGlobalSection
EndGlobal
